
Microsoft Visual Studio Solution File, Format Version 12.00
# Visual Studio Version 17
VisualStudioVersion = 17.11.35327.3
MinimumVisualStudioVersion = 10.0.40219.1
Project("{FAE04EC0-301F-11D3-BF4B-00C04F79EFBC}") = "Placement_Portal", "Placement_Portal.csproj", "{9B62C04A-0B79-444F-AE99-F3EEE50CD7C3}"
EndProject
Global
	GlobalSection(SolutionConfigurationPlatforms) = preSolution
		Debug|Any CPU = Debug|Any CPU
		Release|Any CPU = Release|Any CPU
	EndGlobalSection
	GlobalSection(ProjectConfigurationPlatforms) = postSolution
		{9B62C04A-0B79-444F-AE99-F3EEE50CD7C3}.Debug|Any CPU.ActiveCfg = Debug|Any CPU
		{9B62C04A-0B79-444F-AE99-F3EEE50CD7C3}.Debug|Any CPU.Build.0 = Debug|Any CPU
		{9B62C04A-0B79-444F-AE99-F3EEE50CD7C3}.Release|Any CPU.ActiveCfg = Release|Any CPU
		{9B62C04A-0B79-444F-AE99-F3EEE50CD7C3}.Release|Any CPU.Build.0 = Release|Any CPU
	EndGlobalSection
	GlobalSection(SolutionProperties) = preSolution
		HideSolutionNode = FALSE
	EndGlobalSection
	GlobalSection(ExtensibilityGlobals) = postSolution
		SolutionGuid = {0930EB05-055A-4A47-B4FB-F917818E926A}
	EndGlobalSection
EndGlobal
